// !$*UTF8*$!
{
	archiveVersion = 1;
	classes = {
	};
	objectVersion = 56;
	objects = {

/* Begin PBXBuildFile section */
		E71503712A0F216C00369A04 /* CurrentWeatherModels.swift in Sources */ = {isa = PBXBuildFile; fileRef = E71503702A0F216C00369A04 /* CurrentWeatherModels.swift */; };
		E71503732A0F244500369A04 /* WeatherFetcher.swift in Sources */ = {isa = PBXBuildFile; fileRef = E71503722A0F244500369A04 /* WeatherFetcher.swift */; };
		E71503762A0F6D2600369A04 /* SpinnerView.swift in Sources */ = {isa = PBXBuildFile; fileRef = E71503752A0F6D2600369A04 /* SpinnerView.swift */; };
		E715037A2A0F7B7300369A04 /* SearchCityWeatherViewController.swift in Sources */ = {isa = PBXBuildFile; fileRef = E71503792A0F7B7300369A04 /* SearchCityWeatherViewController.swift */; };
		E715037D2A0F851A00369A04 /* WeatherTabViewController.swift in Sources */ = {isa = PBXBuildFile; fileRef = E715037C2A0F851A00369A04 /* WeatherTabViewController.swift */; };
		E715037F2A0F8FEC00369A04 /* SearchCityWeatherPresenter.swift in Sources */ = {isa = PBXBuildFile; fileRef = E715037E2A0F8FEC00369A04 /* SearchCityWeatherPresenter.swift */; };
		E71503822A0F90C600369A04 /* SearchedCityStorage.swift in Sources */ = {isa = PBXBuildFile; fileRef = E71503812A0F90C600369A04 /* SearchedCityStorage.swift */; };
		E71503842A0F968F00369A04 /* CityCoord.swift in Sources */ = {isa = PBXBuildFile; fileRef = E71503832A0F968F00369A04 /* CityCoord.swift */; };
		E71503862A11ABB100369A04 /* ImageViewExtension.swift in Sources */ = {isa = PBXBuildFile; fileRef = E71503852A11ABB100369A04 /* ImageViewExtension.swift */; };
		E71503892A11D31B00369A04 /* SearchedCityStorageTests.swift in Sources */ = {isa = PBXBuildFile; fileRef = E71503882A11D31B00369A04 /* SearchedCityStorageTests.swift */; };
		E763E0F52A0DC79700D9BB0A /* AppDelegate.swift in Sources */ = {isa = PBXBuildFile; fileRef = E763E0F42A0DC79700D9BB0A /* AppDelegate.swift */; };
		E763E0F72A0DC79700D9BB0A /* SceneDelegate.swift in Sources */ = {isa = PBXBuildFile; fileRef = E763E0F62A0DC79700D9BB0A /* SceneDelegate.swift */; };
		E763E0F92A0DC79700D9BB0A /* ViewController.swift in Sources */ = {isa = PBXBuildFile; fileRef = E763E0F82A0DC79700D9BB0A /* ViewController.swift */; };
		E763E0FC2A0DC79700D9BB0A /* Main.storyboard in Resources */ = {isa = PBXBuildFile; fileRef = E763E0FA2A0DC79700D9BB0A /* Main.storyboard */; };
		E763E0FE2A0DC79800D9BB0A /* Assets.xcassets in Resources */ = {isa = PBXBuildFile; fileRef = E763E0FD2A0DC79800D9BB0A /* Assets.xcassets */; };
		E763E1012A0DC79800D9BB0A /* LaunchScreen.storyboard in Resources */ = {isa = PBXBuildFile; fileRef = E763E0FF2A0DC79800D9BB0A /* LaunchScreen.storyboard */; };
		E763E10C2A0DC79900D9BB0A /* WeatherAppTests.swift in Sources */ = {isa = PBXBuildFile; fileRef = E763E10B2A0DC79900D9BB0A /* WeatherAppTests.swift */; };
		E763E1162A0DC79900D9BB0A /* WeatherAppUITests.swift in Sources */ = {isa = PBXBuildFile; fileRef = E763E1152A0DC79900D9BB0A /* WeatherAppUITests.swift */; };
		E763E1182A0DC79900D9BB0A /* WeatherAppUITestsLaunchTests.swift in Sources */ = {isa = PBXBuildFile; fileRef = E763E1172A0DC79900D9BB0A /* WeatherAppUITestsLaunchTests.swift */; };
		E763E1282A0DC84400D9BB0A /* ErrorHandling.swift in Sources */ = {isa = PBXBuildFile; fileRef = E763E1272A0DC84400D9BB0A /* ErrorHandling.swift */; };
		E763E12D2A0DCF1000D9BB0A /* OwnWeatherViewController.swift in Sources */ = {isa = PBXBuildFile; fileRef = E763E12C2A0DCF1000D9BB0A /* OwnWeatherViewController.swift */; };
		E763E12F2A0DCFC900D9BB0A /* WeatherInfoView.swift in Sources */ = {isa = PBXBuildFile; fileRef = E763E12E2A0DCFC900D9BB0A /* WeatherInfoView.swift */; };
		E763E1312A0DD05400D9BB0A /* LocationStatusMessageView.swift in Sources */ = {isa = PBXBuildFile; fileRef = E763E1302A0DD05400D9BB0A /* LocationStatusMessageView.swift */; };
		E763E1372A0E11C600D9BB0A /* WeatherInfo.swift in Sources */ = {isa = PBXBuildFile; fileRef = E763E1362A0E11C600D9BB0A /* WeatherInfo.swift */; };
		E763E1392A0E182F00D9BB0A /* OwnLocationPresenter.swift in Sources */ = {isa = PBXBuildFile; fileRef = E763E1382A0E182F00D9BB0A /* OwnLocationPresenter.swift */; };
/* End PBXBuildFile section */

/* Begin PBXContainerItemProxy section */
		E763E1082A0DC79900D9BB0A /* PBXContainerItemProxy */ = {
			isa = PBXContainerItemProxy;
			containerPortal = E763E0E92A0DC79700D9BB0A /* Project object */;
			proxyType = 1;
			remoteGlobalIDString = E763E0F02A0DC79700D9BB0A;
			remoteInfo = WeatherApp;
		};
		E763E1122A0DC79900D9BB0A /* PBXContainerItemProxy */ = {
			isa = PBXContainerItemProxy;
			containerPortal = E763E0E92A0DC79700D9BB0A /* Project object */;
			proxyType = 1;
			remoteGlobalIDString = E763E0F02A0DC79700D9BB0A;
			remoteInfo = WeatherApp;
		};
/* End PBXContainerItemProxy section */

/* Begin PBXFileReference section */
		E71503702A0F216C00369A04 /* CurrentWeatherModels.swift */ = {isa = PBXFileReference; lastKnownFileType = sourcecode.swift; path = CurrentWeatherModels.swift; sourceTree = "<group>"; };
		E71503722A0F244500369A04 /* WeatherFetcher.swift */ = {isa = PBXFileReference; lastKnownFileType = sourcecode.swift; path = WeatherFetcher.swift; sourceTree = "<group>"; };
		E71503752A0F6D2600369A04 /* SpinnerView.swift */ = {isa = PBXFileReference; lastKnownFileType = sourcecode.swift; path = SpinnerView.swift; sourceTree = "<group>"; };
		E71503792A0F7B7300369A04 /* SearchCityWeatherViewController.swift */ = {isa = PBXFileReference; lastKnownFileType = sourcecode.swift; path = SearchCityWeatherViewController.swift; sourceTree = "<group>"; };
		E715037C2A0F851A00369A04 /* WeatherTabViewController.swift */ = {isa = PBXFileReference; lastKnownFileType = sourcecode.swift; path = WeatherTabViewController.swift; sourceTree = "<group>"; };
		E715037E2A0F8FEC00369A04 /* SearchCityWeatherPresenter.swift */ = {isa = PBXFileReference; lastKnownFileType = sourcecode.swift; path = SearchCityWeatherPresenter.swift; sourceTree = "<group>"; };
		E71503812A0F90C600369A04 /* SearchedCityStorage.swift */ = {isa = PBXFileReference; lastKnownFileType = sourcecode.swift; path = SearchedCityStorage.swift; sourceTree = "<group>"; };
		E71503832A0F968F00369A04 /* CityCoord.swift */ = {isa = PBXFileReference; lastKnownFileType = sourcecode.swift; path = CityCoord.swift; sourceTree = "<group>"; };
		E71503852A11ABB100369A04 /* ImageViewExtension.swift */ = {isa = PBXFileReference; lastKnownFileType = sourcecode.swift; path = ImageViewExtension.swift; sourceTree = "<group>"; };
		E71503882A11D31B00369A04 /* SearchedCityStorageTests.swift */ = {isa = PBXFileReference; lastKnownFileType = sourcecode.swift; path = SearchedCityStorageTests.swift; sourceTree = "<group>"; };
		E763E0F12A0DC79700D9BB0A /* WeatherApp.app */ = {isa = PBXFileReference; explicitFileType = wrapper.application; includeInIndex = 0; path = WeatherApp.app; sourceTree = BUILT_PRODUCTS_DIR; };
		E763E0F42A0DC79700D9BB0A /* AppDelegate.swift */ = {isa = PBXFileReference; lastKnownFileType = sourcecode.swift; path = AppDelegate.swift; sourceTree = "<group>"; };
		E763E0F62A0DC79700D9BB0A /* SceneDelegate.swift */ = {isa = PBXFileReference; lastKnownFileType = sourcecode.swift; path = SceneDelegate.swift; sourceTree = "<group>"; };
		E763E0F82A0DC79700D9BB0A /* ViewController.swift */ = {isa = PBXFileReference; lastKnownFileType = sourcecode.swift; path = ViewController.swift; sourceTree = "<group>"; };
		E763E0FB2A0DC79700D9BB0A /* Base */ = {isa = PBXFileReference; lastKnownFileType = file.storyboard; name = Base; path = Base.lproj/Main.storyboard; sourceTree = "<group>"; };
		E763E0FD2A0DC79800D9BB0A /* Assets.xcassets */ = {isa = PBXFileReference; lastKnownFileType = folder.assetcatalog; path = Assets.xcassets; sourceTree = "<group>"; };
		E763E1002A0DC79800D9BB0A /* Base */ = {isa = PBXFileReference; lastKnownFileType = file.storyboard; name = Base; path = Base.lproj/LaunchScreen.storyboard; sourceTree = "<group>"; };
		E763E1022A0DC79800D9BB0A /* Info.plist */ = {isa = PBXFileReference; lastKnownFileType = text.plist.xml; path = Info.plist; sourceTree = "<group>"; };
		E763E1072A0DC79900D9BB0A /* WeatherAppTests.xctest */ = {isa = PBXFileReference; explicitFileType = wrapper.cfbundle; includeInIndex = 0; path = WeatherAppTests.xctest; sourceTree = BUILT_PRODUCTS_DIR; };
		E763E10B2A0DC79900D9BB0A /* WeatherAppTests.swift */ = {isa = PBXFileReference; lastKnownFileType = sourcecode.swift; path = WeatherAppTests.swift; sourceTree = "<group>"; };
		E763E1112A0DC79900D9BB0A /* WeatherAppUITests.xctest */ = {isa = PBXFileReference; explicitFileType = wrapper.cfbundle; includeInIndex = 0; path = WeatherAppUITests.xctest; sourceTree = BUILT_PRODUCTS_DIR; };
		E763E1152A0DC79900D9BB0A /* WeatherAppUITests.swift */ = {isa = PBXFileReference; lastKnownFileType = sourcecode.swift; path = WeatherAppUITests.swift; sourceTree = "<group>"; };
		E763E1172A0DC79900D9BB0A /* WeatherAppUITestsLaunchTests.swift */ = {isa = PBXFileReference; lastKnownFileType = sourcecode.swift; path = WeatherAppUITestsLaunchTests.swift; sourceTree = "<group>"; };
		E763E1272A0DC84400D9BB0A /* ErrorHandling.swift */ = {isa = PBXFileReference; lastKnownFileType = sourcecode.swift; path = ErrorHandling.swift; sourceTree = "<group>"; };
		E763E12C2A0DCF1000D9BB0A /* OwnWeatherViewController.swift */ = {isa = PBXFileReference; lastKnownFileType = sourcecode.swift; path = OwnWeatherViewController.swift; sourceTree = "<group>"; };
		E763E12E2A0DCFC900D9BB0A /* WeatherInfoView.swift */ = {isa = PBXFileReference; lastKnownFileType = sourcecode.swift; path = WeatherInfoView.swift; sourceTree = "<group>"; };
		E763E1302A0DD05400D9BB0A /* LocationStatusMessageView.swift */ = {isa = PBXFileReference; lastKnownFileType = sourcecode.swift; path = LocationStatusMessageView.swift; sourceTree = "<group>"; };
		E763E1362A0E11C600D9BB0A /* WeatherInfo.swift */ = {isa = PBXFileReference; lastKnownFileType = sourcecode.swift; path = WeatherInfo.swift; sourceTree = "<group>"; };
		E763E1382A0E182F00D9BB0A /* OwnLocationPresenter.swift */ = {isa = PBXFileReference; lastKnownFileType = sourcecode.swift; path = OwnLocationPresenter.swift; sourceTree = "<group>"; };
/* End PBXFileReference section */

/* Begin PBXFrameworksBuildPhase section */
		E763E0EE2A0DC79700D9BB0A /* Frameworks */ = {
			isa = PBXFrameworksBuildPhase;
			buildActionMask = 2147483647;
			files = (
			);
			runOnlyForDeploymentPostprocessing = 0;
		};
		E763E1042A0DC79900D9BB0A /* Frameworks */ = {
			isa = PBXFrameworksBuildPhase;
			buildActionMask = 2147483647;
			files = (
			);
			runOnlyForDeploymentPostprocessing = 0;
		};
		E763E10E2A0DC79900D9BB0A /* Frameworks */ = {
			isa = PBXFrameworksBuildPhase;
			buildActionMask = 2147483647;
			files = (
			);
			runOnlyForDeploymentPostprocessing = 0;
		};
/* End PBXFrameworksBuildPhase section */

/* Begin PBXGroup section */
		E715036F2A0F1FB400369A04 /* Servicing */ = {
			isa = PBXGroup;
			children = (
				E71503702A0F216C00369A04 /* CurrentWeatherModels.swift */,
				E71503722A0F244500369A04 /* WeatherFetcher.swift */,
				E71503832A0F968F00369A04 /* CityCoord.swift */,
			);
			path = Servicing;
			sourceTree = "<group>";
		};
		E71503742A0F6CA900369A04 /* Views */ = {
			isa = PBXGroup;
			children = (
				E763E12E2A0DCFC900D9BB0A /* WeatherInfoView.swift */,
				E71503752A0F6D2600369A04 /* SpinnerView.swift */,
			);
			path = Views;
			sourceTree = "<group>";
		};
		E71503772A0F7B0100369A04 /* SearchCityWeather */ = {
			isa = PBXGroup;
			children = (
				E71503872A11CC8500369A04 /* Presenter */,
				E71503782A0F7B5300369A04 /* View */,
			);
			path = SearchCityWeather;
			sourceTree = "<group>";
		};
		E71503782A0F7B5300369A04 /* View */ = {
			isa = PBXGroup;
			children = (
				E71503792A0F7B7300369A04 /* SearchCityWeatherViewController.swift */,
			);
			path = View;
			sourceTree = "<group>";
		};
		E715037B2A0F84FC00369A04 /* TabController */ = {
			isa = PBXGroup;
			children = (
				E715037C2A0F851A00369A04 /* WeatherTabViewController.swift */,
			);
			path = TabController;
			sourceTree = "<group>";
		};
		E71503802A0F909C00369A04 /* Storage */ = {
			isa = PBXGroup;
			children = (
				E71503812A0F90C600369A04 /* SearchedCityStorage.swift */,
			);
			path = Storage;
			sourceTree = "<group>";
		};
		E71503872A11CC8500369A04 /* Presenter */ = {
			isa = PBXGroup;
			children = (
				E715037E2A0F8FEC00369A04 /* SearchCityWeatherPresenter.swift */,
			);
			path = Presenter;
			sourceTree = "<group>";
		};
		E763E0E82A0DC79700D9BB0A = {
			isa = PBXGroup;
			children = (
				E763E0F32A0DC79700D9BB0A /* WeatherApp */,
				E763E10A2A0DC79900D9BB0A /* WeatherAppTests */,
				E763E1142A0DC79900D9BB0A /* WeatherAppUITests */,
				E763E0F22A0DC79700D9BB0A /* Products */,
			);
			sourceTree = "<group>";
		};
		E763E0F22A0DC79700D9BB0A /* Products */ = {
			isa = PBXGroup;
			children = (
				E763E0F12A0DC79700D9BB0A /* WeatherApp.app */,
				E763E1072A0DC79900D9BB0A /* WeatherAppTests.xctest */,
				E763E1112A0DC79900D9BB0A /* WeatherAppUITests.xctest */,
			);
			name = Products;
			sourceTree = "<group>";
		};
		E763E0F32A0DC79700D9BB0A /* WeatherApp */ = {
			isa = PBXGroup;
			children = (
				E71503802A0F909C00369A04 /* Storage */,
				E715037B2A0F84FC00369A04 /* TabController */,
				E71503772A0F7B0100369A04 /* SearchCityWeather */,
				E715036F2A0F1FB400369A04 /* Servicing */,
				E763E12A2A0DCECC00D9BB0A /* OwnWeather */,
				E763E1242A0DC7E000D9BB0A /* Common */,
				E763E0F42A0DC79700D9BB0A /* AppDelegate.swift */,
				E763E0F62A0DC79700D9BB0A /* SceneDelegate.swift */,
				E763E0F82A0DC79700D9BB0A /* ViewController.swift */,
				E763E0FA2A0DC79700D9BB0A /* Main.storyboard */,
				E763E0FD2A0DC79800D9BB0A /* Assets.xcassets */,
				E763E0FF2A0DC79800D9BB0A /* LaunchScreen.storyboard */,
				E763E1022A0DC79800D9BB0A /* Info.plist */,
			);
			path = WeatherApp;
			sourceTree = "<group>";
		};
		E763E10A2A0DC79900D9BB0A /* WeatherAppTests */ = {
			isa = PBXGroup;
			children = (
				E763E10B2A0DC79900D9BB0A /* WeatherAppTests.swift */,
				E71503882A11D31B00369A04 /* SearchedCityStorageTests.swift */,
			);
			path = WeatherAppTests;
			sourceTree = "<group>";
		};
		E763E1142A0DC79900D9BB0A /* WeatherAppUITests */ = {
			isa = PBXGroup;
			children = (
				E763E1152A0DC79900D9BB0A /* WeatherAppUITests.swift */,
				E763E1172A0DC79900D9BB0A /* WeatherAppUITestsLaunchTests.swift */,
			);
			path = WeatherAppUITests;
			sourceTree = "<group>";
		};
		E763E1242A0DC7E000D9BB0A /* Common */ = {
			isa = PBXGroup;
			children = (
				E71503742A0F6CA900369A04 /* Views */,
				E763E13A2A0E273700D9BB0A /* Model */,
				E763E1272A0DC84400D9BB0A /* ErrorHandling.swift */,
				E71503852A11ABB100369A04 /* ImageViewExtension.swift */,
			);
			path = Common;
			sourceTree = "<group>";
		};
		E763E12A2A0DCECC00D9BB0A /* OwnWeather */ = {
			isa = PBXGroup;
			children = (
				E763E1332A0DD3C500D9BB0A /* Presenter */,
				E763E12B2A0DCEDF00D9BB0A /* View */,
			);
			path = OwnWeather;
			sourceTree = "<group>";
		};
		E763E12B2A0DCEDF00D9BB0A /* View */ = {
			isa = PBXGroup;
			children = (
				E763E12C2A0DCF1000D9BB0A /* OwnWeatherViewController.swift */,
				E763E1302A0DD05400D9BB0A /* LocationStatusMessageView.swift */,
			);
			path = View;
			sourceTree = "<group>";
		};
		E763E1332A0DD3C500D9BB0A /* Presenter */ = {
			isa = PBXGroup;
			children = (
				E763E1382A0E182F00D9BB0A /* OwnLocationPresenter.swift */,
			);
			path = Presenter;
			sourceTree = "<group>";
		};
		E763E13A2A0E273700D9BB0A /* Model */ = {
			isa = PBXGroup;
			children = (
				E763E1362A0E11C600D9BB0A /* WeatherInfo.swift */,
			);
			path = Model;
			sourceTree = "<group>";
		};
/* End PBXGroup section */

/* Begin PBXNativeTarget section */
		E763E0F02A0DC79700D9BB0A /* WeatherApp */ = {
			isa = PBXNativeTarget;
			buildConfigurationList = E763E11B2A0DC79900D9BB0A /* Build configuration list for PBXNativeTarget "WeatherApp" */;
			buildPhases = (
				E763E0ED2A0DC79700D9BB0A /* Sources */,
				E763E0EE2A0DC79700D9BB0A /* Frameworks */,
				E763E0EF2A0DC79700D9BB0A /* Resources */,
			);
			buildRules = (
			);
			dependencies = (
			);
			name = WeatherApp;
			productName = WeatherApp;
			productReference = E763E0F12A0DC79700D9BB0A /* WeatherApp.app */;
			productType = "com.apple.product-type.application";
		};
		E763E1062A0DC79900D9BB0A /* WeatherAppTests */ = {
			isa = PBXNativeTarget;
			buildConfigurationList = E763E11E2A0DC79900D9BB0A /* Build configuration list for PBXNativeTarget "WeatherAppTests" */;
			buildPhases = (
				E763E1032A0DC79900D9BB0A /* Sources */,
				E763E1042A0DC79900D9BB0A /* Frameworks */,
				E763E1052A0DC79900D9BB0A /* Resources */,
			);
			buildRules = (
			);
			dependencies = (
				E763E1092A0DC79900D9BB0A /* PBXTargetDependency */,
			);
			name = WeatherAppTests;
			productName = WeatherAppTests;
			productReference = E763E1072A0DC79900D9BB0A /* WeatherAppTests.xctest */;
			productType = "com.apple.product-type.bundle.unit-test";
		};
		E763E1102A0DC79900D9BB0A /* WeatherAppUITests */ = {
			isa = PBXNativeTarget;
			buildConfigurationList = E763E1212A0DC79900D9BB0A /* Build configuration list for PBXNativeTarget "WeatherAppUITests" */;
			buildPhases = (
				E763E10D2A0DC79900D9BB0A /* Sources */,
				E763E10E2A0DC79900D9BB0A /* Frameworks */,
				E763E10F2A0DC79900D9BB0A /* Resources */,
			);
			buildRules = (
			);
			dependencies = (
				E763E1132A0DC79900D9BB0A /* PBXTargetDependency */,
			);
			name = WeatherAppUITests;
			productName = WeatherAppUITests;
			productReference = E763E1112A0DC79900D9BB0A /* WeatherAppUITests.xctest */;
			productType = "com.apple.product-type.bundle.ui-testing";
		};
/* End PBXNativeTarget section */

/* Begin PBXProject section */
		E763E0E92A0DC79700D9BB0A /* Project object */ = {
			isa = PBXProject;
			attributes = {
				BuildIndependentTargetsInParallel = 1;
				LastSwiftUpdateCheck = 1430;
				LastUpgradeCheck = 1430;
				TargetAttributes = {
					E763E0F02A0DC79700D9BB0A = {
						CreatedOnToolsVersion = 14.3;
					};
					E763E1062A0DC79900D9BB0A = {
						CreatedOnToolsVersion = 14.3;
						TestTargetID = E763E0F02A0DC79700D9BB0A;
					};
					E763E1102A0DC79900D9BB0A = {
						CreatedOnToolsVersion = 14.3;
						TestTargetID = E763E0F02A0DC79700D9BB0A;
					};
				};
			};
			buildConfigurationList = E763E0EC2A0DC79700D9BB0A /* Build configuration list for PBXProject "WeatherApp" */;
			compatibilityVersion = "Xcode 14.0";
			developmentRegion = en;
			hasScannedForEncodings = 0;
			knownRegions = (
				en,
				Base,
			);
			mainGroup = E763E0E82A0DC79700D9BB0A;
			productRefGroup = E763E0F22A0DC79700D9BB0A /* Products */;
			projectDirPath = "";
			projectRoot = "";
			targets = (
				E763E0F02A0DC79700D9BB0A /* WeatherApp */,
				E763E1062A0DC79900D9BB0A /* WeatherAppTests */,
				E763E1102A0DC79900D9BB0A /* WeatherAppUITests */,
			);
		};
/* End PBXProject section */

/* Begin PBXResourcesBuildPhase section */
		E763E0EF2A0DC79700D9BB0A /* Resources */ = {
			isa = PBXResourcesBuildPhase;
			buildActionMask = 2147483647;
			files = (
				E763E1012A0DC79800D9BB0A /* LaunchScreen.storyboard in Resources */,
				E763E0FE2A0DC79800D9BB0A /* Assets.xcassets in Resources */,
				E763E0FC2A0DC79700D9BB0A /* Main.storyboard in Resources */,
			);
			runOnlyForDeploymentPostprocessing = 0;
		};
		E763E1052A0DC79900D9BB0A /* Resources */ = {
			isa = PBXResourcesBuildPhase;
			buildActionMask = 2147483647;
			files = (
			);
			runOnlyForDeploymentPostprocessing = 0;
		};
		E763E10F2A0DC79900D9BB0A /* Resources */ = {
			isa = PBXResourcesBuildPhase;
			buildActionMask = 2147483647;
			files = (
			);
			runOnlyForDeploymentPostprocessing = 0;
		};
/* End PBXResourcesBuildPhase section */

/* Begin PBXSourcesBuildPhase section */
		E763E0ED2A0DC79700D9BB0A /* Sources */ = {
			isa = PBXSourcesBuildPhase;
			buildActionMask = 2147483647;
			files = (
				E763E0F92A0DC79700D9BB0A /* ViewController.swift in Sources */,
				E71503822A0F90C600369A04 /* SearchedCityStorage.swift in Sources */,
				E715037F2A0F8FEC00369A04 /* SearchCityWeatherPresenter.swift in Sources */,
				E763E1282A0DC84400D9BB0A /* ErrorHandling.swift in Sources */,
				E763E0F52A0DC79700D9BB0A /* AppDelegate.swift in Sources */,
				E763E12F2A0DCFC900D9BB0A /* WeatherInfoView.swift in Sources */,
				E763E12D2A0DCF1000D9BB0A /* OwnWeatherViewController.swift in Sources */,
				E71503732A0F244500369A04 /* WeatherFetcher.swift in Sources */,
				E763E0F72A0DC79700D9BB0A /* SceneDelegate.swift in Sources */,
				E71503712A0F216C00369A04 /* CurrentWeatherModels.swift in Sources */,
				E715037A2A0F7B7300369A04 /* SearchCityWeatherViewController.swift in Sources */,
				E763E1312A0DD05400D9BB0A /* LocationStatusMessageView.swift in Sources */,
				E715037D2A0F851A00369A04 /* WeatherTabViewController.swift in Sources */,
				E763E1392A0E182F00D9BB0A /* OwnLocationPresenter.swift in Sources */,
				E71503762A0F6D2600369A04 /* SpinnerView.swift in Sources */,
				E71503862A11ABB100369A04 /* ImageViewExtension.swift in Sources */,
				E71503842A0F968F00369A04 /* CityCoord.swift in Sources */,
				E763E1372A0E11C600D9BB0A /* WeatherInfo.swift in Sources */,
			);
			runOnlyForDeploymentPostprocessing = 0;
		};
		E763E1032A0DC79900D9BB0A /* Sources */ = {
			isa = PBXSourcesBuildPhase;
			buildActionMask = 2147483647;
			files = (
				E763E10C2A0DC79900D9BB0A /* WeatherAppTests.swift in Sources */,
				E71503892A11D31B00369A04 /* SearchedCityStorageTests.swift in Sources */,
			);
			runOnlyForDeploymentPostprocessing = 0;
		};
		E763E10D2A0DC79900D9BB0A /* Sources */ = {
			isa = PBXSourcesBuildPhase;
			buildActionMask = 2147483647;
			files = (
				E763E1162A0DC79900D9BB0A /* WeatherAppUITests.swift in Sources */,
				E763E1182A0DC79900D9BB0A /* WeatherAppUITestsLaunchTests.swift in Sources */,
			);
			runOnlyForDeploymentPostprocessing = 0;
		};
/* End PBXSourcesBuildPhase section */

/* Begin PBXTargetDependency section */
		E763E1092A0DC79900D9BB0A /* PBXTargetDependency */ = {
			isa = PBXTargetDependency;
			target = E763E0F02A0DC79700D9BB0A /* WeatherApp */;
			targetProxy = E763E1082A0DC79900D9BB0A /* PBXContainerItemProxy */;
		};
		E763E1132A0DC79900D9BB0A /* PBXTargetDependency */ = {
			isa = PBXTargetDependency;
			target = E763E0F02A0DC79700D9BB0A /* WeatherApp */;
			targetProxy = E763E1122A0DC79900D9BB0A /* PBXContainerItemProxy */;
		};
/* End PBXTargetDependency section */

/* Begin PBXVariantGroup section */
		E763E0FA2A0DC79700D9BB0A /* Main.storyboard */ = {
			isa = PBXVariantGroup;
			children = (
				E763E0FB2A0DC79700D9BB0A /* Base */,
			);
			name = Main.storyboard;
			sourceTree = "<group>";
		};
		E763E0FF2A0DC79800D9BB0A /* LaunchScreen.storyboard */ = {
			isa = PBXVariantGroup;
			children = (
				E763E1002A0DC79800D9BB0A /* Base */,
			);
			name = LaunchScreen.storyboard;
			sourceTree = "<group>";
		};
/* End PBXVariantGroup section */

/* Begin XCBuildConfiguration section */
		E763E1192A0DC79900D9BB0A /* Debug */ = {
			isa = XCBuildConfiguration;
			buildSettings = {
				ALWAYS_SEARCH_USER_PATHS = NO;
				CLANG_ANALYZER_NONNULL = YES;
				CLANG_ANALYZER_NUMBER_OBJECT_CONVERSION = YES_AGGRESSIVE;
				CLANG_CXX_LANGUAGE_STANDARD = "gnu++20";
				CLANG_ENABLE_MODULES = YES;
				CLANG_ENABLE_OBJC_ARC = YES;
				CLANG_ENABLE_OBJC_WEAK = YES;
				CLANG_WARN_BLOCK_CAPTURE_AUTORELEASING = YES;
				CLANG_WARN_BOOL_CONVERSION = YES;
				CLANG_WARN_COMMA = YES;
				CLANG_WARN_CONSTANT_CONVERSION = YES;
				CLANG_WARN_DEPRECATED_OBJC_IMPLEMENTATIONS = YES;
				CLANG_WARN_DIRECT_OBJC_ISA_USAGE = YES_ERROR;
				CLANG_WARN_DOCUMENTATION_COMMENTS = YES;
				CLANG_WARN_EMPTY_BODY = YES;
				CLANG_WARN_ENUM_CONVERSION = YES;
				CLANG_WARN_INFINITE_RECURSION = YES;
				CLANG_WARN_INT_CONVERSION = YES;
				CLANG_WARN_NON_LITERAL_NULL_CONVERSION = YES;
				CLANG_WARN_OBJC_IMPLICIT_RETAIN_SELF = YES;
				CLANG_WARN_OBJC_LITERAL_CONVERSION = YES;
				CLANG_WARN_OBJC_ROOT_CLASS = YES_ERROR;
				CLANG_WARN_QUOTED_INCLUDE_IN_FRAMEWORK_HEADER = YES;
				CLANG_WARN_RANGE_LOOP_ANALYSIS = YES;
				CLANG_WARN_STRICT_PROTOTYPES = YES;
				CLANG_WARN_SUSPICIOUS_MOVE = YES;
				CLANG_WARN_UNGUARDED_AVAILABILITY = YES_AGGRESSIVE;
				CLANG_WARN_UNREACHABLE_CODE = YES;
				CLANG_WARN__DUPLICATE_METHOD_MATCH = YES;
				COPY_PHASE_STRIP = NO;
				DEBUG_INFORMATION_FORMAT = dwarf;
				ENABLE_STRICT_OBJC_MSGSEND = YES;
				ENABLE_TESTABILITY = YES;
				GCC_C_LANGUAGE_STANDARD = gnu11;
				GCC_DYNAMIC_NO_PIC = NO;
				GCC_NO_COMMON_BLOCKS = YES;
				GCC_OPTIMIZATION_LEVEL = 0;
				GCC_PREPROCESSOR_DEFINITIONS = (
					"DEBUG=1",
					"$(inherited)",
				);
				GCC_WARN_64_TO_32_BIT_CONVERSION = YES;
				GCC_WARN_ABOUT_RETURN_TYPE = YES_ERROR;
				GCC_WARN_UNDECLARED_SELECTOR = YES;
				GCC_WARN_UNINITIALIZED_AUTOS = YES_AGGRESSIVE;
				GCC_WARN_UNUSED_FUNCTION = YES;
				GCC_WARN_UNUSED_VARIABLE = YES;
				IPHONEOS_DEPLOYMENT_TARGET = 16.4;
				MTL_ENABLE_DEBUG_INFO = INCLUDE_SOURCE;
				MTL_FAST_MATH = YES;
				ONLY_ACTIVE_ARCH = YES;
				SDKROOT = iphoneos;
				SWIFT_ACTIVE_COMPILATION_CONDITIONS = DEBUG;
				SWIFT_OPTIMIZATION_LEVEL = "-Onone";
			};
			name = Debug;
		};
		E763E11A2A0DC79900D9BB0A /* Release */ = {
			isa = XCBuildConfiguration;
			buildSettings = {
				ALWAYS_SEARCH_USER_PATHS = NO;
				CLANG_ANALYZER_NONNULL = YES;
				CLANG_ANALYZER_NUMBER_OBJECT_CONVERSION = YES_AGGRESSIVE;
				CLANG_CXX_LANGUAGE_STANDARD = "gnu++20";
				CLANG_ENABLE_MODULES = YES;
				CLANG_ENABLE_OBJC_ARC = YES;
				CLANG_ENABLE_OBJC_WEAK = YES;
				CLANG_WARN_BLOCK_CAPTURE_AUTORELEASING = YES;
				CLANG_WARN_BOOL_CONVERSION = YES;
				CLANG_WARN_COMMA = YES;
				CLANG_WARN_CONSTANT_CONVERSION = YES;
				CLANG_WARN_DEPRECATED_OBJC_IMPLEMENTATIONS = YES;
				CLANG_WARN_DIRECT_OBJC_ISA_USAGE = YES_ERROR;
				CLANG_WARN_DOCUMENTATION_COMMENTS = YES;
				CLANG_WARN_EMPTY_BODY = YES;
				CLANG_WARN_ENUM_CONVERSION = YES;
				CLANG_WARN_INFINITE_RECURSION = YES;
				CLANG_WARN_INT_CONVERSION = YES;
				CLANG_WARN_NON_LITERAL_NULL_CONVERSION = YES;
				CLANG_WARN_OBJC_IMPLICIT_RETAIN_SELF = YES;
				CLANG_WARN_OBJC_LITERAL_CONVERSION = YES;
				CLANG_WARN_OBJC_ROOT_CLASS = YES_ERROR;
				CLANG_WARN_QUOTED_INCLUDE_IN_FRAMEWORK_HEADER = YES;
				CLANG_WARN_RANGE_LOOP_ANALYSIS = YES;
				CLANG_WARN_STRICT_PROTOTYPES = YES;
				CLANG_WARN_SUSPICIOUS_MOVE = YES;
				CLANG_WARN_UNGUARDED_AVAILABILITY = YES_AGGRESSIVE;
				CLANG_WARN_UNREACHABLE_CODE = YES;
				CLANG_WARN__DUPLICATE_METHOD_MATCH = YES;
				COPY_PHASE_STRIP = NO;
				DEBUG_INFORMATION_FORMAT = "dwarf-with-dsym";
				ENABLE_NS_ASSERTIONS = NO;
				ENABLE_STRICT_OBJC_MSGSEND = YES;
				GCC_C_LANGUAGE_STANDARD = gnu11;
				GCC_NO_COMMON_BLOCKS = YES;
				GCC_WARN_64_TO_32_BIT_CONVERSION = YES;
				GCC_WARN_ABOUT_RETURN_TYPE = YES_ERROR;
				GCC_WARN_UNDECLARED_SELECTOR = YES;
				GCC_WARN_UNINITIALIZED_AUTOS = YES_AGGRESSIVE;
				GCC_WARN_UNUSED_FUNCTION = YES;
				GCC_WARN_UNUSED_VARIABLE = YES;
				IPHONEOS_DEPLOYMENT_TARGET = 16.4;
				MTL_ENABLE_DEBUG_INFO = NO;
				MTL_FAST_MATH = YES;
				SDKROOT = iphoneos;
				SWIFT_COMPILATION_MODE = wholemodule;
				SWIFT_OPTIMIZATION_LEVEL = "-O";
				VALIDATE_PRODUCT = YES;
			};
			name = Release;
		};
		E763E11C2A0DC79900D9BB0A /* Debug */ = {
			isa = XCBuildConfiguration;
			buildSettings = {
				ASSETCATALOG_COMPILER_APPICON_NAME = AppIcon;
				ASSETCATALOG_COMPILER_GLOBAL_ACCENT_COLOR_NAME = AccentColor;
				CODE_SIGN_STYLE = Automatic;
				CURRENT_PROJECT_VERSION = 1;
				DEVELOPMENT_TEAM = T9APG36RLZ;
				GENERATE_INFOPLIST_FILE = YES;
				INFOPLIST_FILE = WeatherApp/Info.plist;
				INFOPLIST_KEY_UIApplicationSupportsIndirectInputEvents = YES;
				INFOPLIST_KEY_UILaunchStoryboardName = LaunchScreen;
				INFOPLIST_KEY_UIMainStoryboardFile = Main;
				INFOPLIST_KEY_UISupportedInterfaceOrientations_iPad = "UIInterfaceOrientationPortrait UIInterfaceOrientationPortraitUpsideDown UIInterfaceOrientationLandscapeLeft UIInterfaceOrientationLandscapeRight";
				INFOPLIST_KEY_UISupportedInterfaceOrientations_iPhone = "UIInterfaceOrientationPortrait UIInterfaceOrientationLandscapeLeft UIInterfaceOrientationLandscapeRight";
				LD_RUNPATH_SEARCH_PATHS = (
					"$(inherited)",
					"@executable_path/Frameworks",
				);
				MARKETING_VERSION = 1.0;
				PRODUCT_BUNDLE_IDENTIFIER = com.RanfDom.WeatherApp;
				PRODUCT_NAME = "$(TARGET_NAME)";
				SWIFT_EMIT_LOC_STRINGS = YES;
				SWIFT_VERSION = 5.0;
				TARGETED_DEVICE_FAMILY = "1,2";
			};
			name = Debug;
		};
		E763E11D2A0DC79900D9BB0A /* Release */ = {
			isa = XCBuildConfiguration;
			buildSettings = {
				ASSETCATALOG_COMPILER_APPICON_NAME = AppIcon;
				ASSETCATALOG_COMPILER_GLOBAL_ACCENT_COLOR_NAME = AccentColor;
				CODE_SIGN_STYLE = Automatic;
				CURRENT_PROJECT_VERSION = 1;
				DEVELOPMENT_TEAM = T9APG36RLZ;
				GENERATE_INFOPLIST_FILE = YES;
				INFOPLIST_FILE = WeatherApp/Info.plist;
				INFOPLIST_KEY_UIApplicationSupportsIndirectInputEvents = YES;
				INFOPLIST_KEY_UILaunchStoryboardName = LaunchScreen;
				INFOPLIST_KEY_UIMainStoryboardFile = Main;
				INFOPLIST_KEY_UISupportedInterfaceOrientations_iPad = "UIInterfaceOrientationPortrait UIInterfaceOrientationPortraitUpsideDown UIInterfaceOrientationLandscapeLeft UIInterfaceOrientationLandscapeRight";
				INFOPLIST_KEY_UISupportedInterfaceOrientations_iPhone = "UIInterfaceOrientationPortrait UIInterfaceOrientationLandscapeLeft UIInterfaceOrientationLandscapeRight";
				LD_RUNPATH_SEARCH_PATHS = (
					"$(inherited)",
					"@executable_path/Frameworks",
				);
				MARKETING_VERSION = 1.0;
				PRODUCT_BUNDLE_IDENTIFIER = com.RanfDom.WeatherApp;
				PRODUCT_NAME = "$(TARGET_NAME)";
				SWIFT_EMIT_LOC_STRINGS = YES;
				SWIFT_VERSION = 5.0;
				TARGETED_DEVICE_FAMILY = "1,2";
			};
			name = Release;
		};
		E763E11F2A0DC79900D9BB0A /* Debug */ = {
			isa = XCBuildConfiguration;
			buildSettings = {
				ALWAYS_EMBED_SWIFT_STANDARD_LIBRARIES = YES;
				BUNDLE_LOADER = "$(TEST_HOST)";
				CODE_SIGN_STYLE = Automatic;
				CURRENT_PROJECT_VERSION = 1;
				DEVELOPMENT_TEAM = T9APG36RLZ;
				GENERATE_INFOPLIST_FILE = YES;
				IPHONEOS_DEPLOYMENT_TARGET = 16.4;
				MARKETING_VERSION = 1.0;
				PRODUCT_BUNDLE_IDENTIFIER = com.RanfDom.WeatherAppTests;
				PRODUCT_NAME = "$(TARGET_NAME)";
				SWIFT_EMIT_LOC_STRINGS = NO;
				SWIFT_VERSION = 5.0;
				TARGETED_DEVICE_FAMILY = "1,2";
				TEST_HOST = "$(BUILT_PRODUCTS_DIR)/WeatherApp.app/$(BUNDLE_EXECUTABLE_FOLDER_PATH)/WeatherApp";
			};
			name = Debug;
		};
		E763E1202A0DC79900D9BB0A /* Release */ = {
			isa = XCBuildConfiguration;
			buildSettings = {
				ALWAYS_EMBED_SWIFT_STANDARD_LIBRARIES = YES;
				BUNDLE_LOADER = "$(TEST_HOST)";
				CODE_SIGN_STYLE = Automatic;
				CURRENT_PROJECT_VERSION = 1;
				DEVELOPMENT_TEAM = T9APG36RLZ;
				GENERATE_INFOPLIST_FILE = YES;
				IPHONEOS_DEPLOYMENT_TARGET = 16.4;
				MARKETING_VERSION = 1.0;
				PRODUCT_BUNDLE_IDENTIFIER = com.RanfDom.WeatherAppTests;
				PRODUCT_NAME = "$(TARGET_NAME)";
				SWIFT_EMIT_LOC_STRINGS = NO;
				SWIFT_VERSION = 5.0;
				TARGETED_DEVICE_FAMILY = "1,2";
				TEST_HOST = "$(BUILT_PRODUCTS_DIR)/WeatherApp.app/$(BUNDLE_EXECUTABLE_FOLDER_PATH)/WeatherApp";
			};
			name = Release;
		};
		E763E1222A0DC79900D9BB0A /* Debug */ = {
			isa = XCBuildConfiguration;
			buildSettings = {
				ALWAYS_EMBED_SWIFT_STANDARD_LIBRARIES = YES;
				CODE_SIGN_STYLE = Automatic;
				CURRENT_PROJECT_VERSION = 1;
				DEVELOPMENT_TEAM = T9APG36RLZ;
				GENERATE_INFOPLIST_FILE = YES;
				MARKETING_VERSION = 1.0;
				PRODUCT_BUNDLE_IDENTIFIER = com.RanfDom.WeatherAppUITests;
				PRODUCT_NAME = "$(TARGET_NAME)";
				SWIFT_EMIT_LOC_STRINGS = NO;
				SWIFT_VERSION = 5.0;
				TARGETED_DEVICE_FAMILY = "1,2";
				TEST_TARGET_NAME = WeatherApp;
			};
			name = Debug;
		};
		E763E1232A0DC79900D9BB0A /* Release */ = {
			isa = XCBuildConfiguration;
			buildSettings = {
				ALWAYS_EMBED_SWIFT_STANDARD_LIBRARIES = YES;
				CODE_SIGN_STYLE = Automatic;
				CURRENT_PROJECT_VERSION = 1;
				DEVELOPMENT_TEAM = T9APG36RLZ;
				GENERATE_INFOPLIST_FILE = YES;
				MARKETING_VERSION = 1.0;
				PRODUCT_BUNDLE_IDENTIFIER = com.RanfDom.WeatherAppUITests;
				PRODUCT_NAME = "$(TARGET_NAME)";
				SWIFT_EMIT_LOC_STRINGS = NO;
				SWIFT_VERSION = 5.0;
				TARGETED_DEVICE_FAMILY = "1,2";
				TEST_TARGET_NAME = WeatherApp;
			};
			name = Release;
		};
/* End XCBuildConfiguration section */

/* Begin XCConfigurationList section */
		E763E0EC2A0DC79700D9BB0A /* Build configuration list for PBXProject "WeatherApp" */ = {
			isa = XCConfigurationList;
			buildConfigurations = (
				E763E1192A0DC79900D9BB0A /* Debug */,
				E763E11A2A0DC79900D9BB0A /* Release */,
			);
			defaultConfigurationIsVisible = 0;
			defaultConfigurationName = Release;
		};
		E763E11B2A0DC79900D9BB0A /* Build configuration list for PBXNativeTarget "WeatherApp" */ = {
			isa = XCConfigurationList;
			buildConfigurations = (
				E763E11C2A0DC79900D9BB0A /* Debug */,
				E763E11D2A0DC79900D9BB0A /* Release */,
			);
			defaultConfigurationIsVisible = 0;
			defaultConfigurationName = Release;
		};
		E763E11E2A0DC79900D9BB0A /* Build configuration list for PBXNativeTarget "WeatherAppTests" */ = {
			isa = XCConfigurationList;
			buildConfigurations = (
				E763E11F2A0DC79900D9BB0A /* Debug */,
				E763E1202A0DC79900D9BB0A /* Release */,
			);
			defaultConfigurationIsVisible = 0;
			defaultConfigurationName = Release;
		};
		E763E1212A0DC79900D9BB0A /* Build configuration list for PBXNativeTarget "WeatherAppUITests" */ = {
			isa = XCConfigurationList;
			buildConfigurations = (
				E763E1222A0DC79900D9BB0A /* Debug */,
				E763E1232A0DC79900D9BB0A /* Release */,
			);
			defaultConfigurationIsVisible = 0;
			defaultConfigurationName = Release;
		};
/* End XCConfigurationList section */
	};
	rootObject = E763E0E92A0DC79700D9BB0A /* Project object */;
}
